
Microsoft Visual Studio Solution File, Format Version 12.00
# Visual Studio Version 17
VisualStudioVersion = 17.7.34031.279
MinimumVisualStudioVersion = 10.0.40219.1
Project("{9A19103F-16F7-4668-BE54-9A1E7A4F7556}") = "App.Cqs", "App.Cqs\App.Cqs.csproj", "{2D2F2876-8614-4369-8285-F40FAC050D38}"
EndProject
Project("{FAE04EC0-301F-11D3-BF4B-00C04F79EFBC}") = "App.Cqs.Tests", "App.Cqs.Tests\App.Cqs.Tests.csproj", "{0BA2B95D-41C0-4E8D-86BA-4A95D0EB5D94}"
EndProject
Global
	GlobalSection(SolutionConfigurationPlatforms) = preSolution
		Debug|Any CPU = Debug|Any CPU
		Release|Any CPU = Release|Any CPU
	EndGlobalSection
	GlobalSection(ProjectConfigurationPlatforms) = postSolution
		{2D2F2876-8614-4369-8285-F40FAC050D38}.Debug|Any CPU.ActiveCfg = Debug|Any CPU
		{2D2F2876-8614-4369-8285-F40FAC050D38}.Debug|Any CPU.Build.0 = Debug|Any CPU
		{2D2F2876-8614-4369-8285-F40FAC050D38}.Release|Any CPU.ActiveCfg = Release|Any CPU
		{2D2F2876-8614-4369-8285-F40FAC050D38}.Release|Any CPU.Build.0 = Release|Any CPU
		{0BA2B95D-41C0-4E8D-86BA-4A95D0EB5D94}.Debug|Any CPU.ActiveCfg = Debug|Any CPU
		{0BA2B95D-41C0-4E8D-86BA-4A95D0EB5D94}.Debug|Any CPU.Build.0 = Debug|Any CPU
		{0BA2B95D-41C0-4E8D-86BA-4A95D0EB5D94}.Release|Any CPU.ActiveCfg = Release|Any CPU
		{0BA2B95D-41C0-4E8D-86BA-4A95D0EB5D94}.Release|Any CPU.Build.0 = Release|Any CPU
	EndGlobalSection
	GlobalSection(SolutionProperties) = preSolution
		HideSolutionNode = FALSE
	EndGlobalSection
	GlobalSection(ExtensibilityGlobals) = postSolution
		SolutionGuid = {DEEE8C81-5923-47C2-841C-35B62165D0FE}
	EndGlobalSection
EndGlobal
